
Microsoft Visual Studio Solution File, Format Version 12.00
# Visual Studio Version 16
VisualStudioVersion = 16.0.29806.167
MinimumVisualStudioVersion = 10.0.40219.1
Project("{8BC9CEB8-8B4A-11D0-8D11-00A0C91BC942}") = "Classe_2", "Classe_2.vcxproj", "{91FF25F7-3030-4056-A8AB-0257EEF58BE2}"
EndProject
Global
	GlobalSection(SolutionConfigurationPlatforms) = preSolution
		Debug|x64 = Debug|x64
		Debug|x86 = Debug|x86
		Release|x64 = Release|x64
		Release|x86 = Release|x86
	EndGlobalSection
	GlobalSection(ProjectConfigurationPlatforms) = postSolution
		{91FF25F7-3030-4056-A8AB-0257EEF58BE2}.Debug|x64.ActiveCfg = Debug|x64
		{91FF25F7-3030-4056-A8AB-0257EEF58BE2}.Debug|x64.Build.0 = Debug|x64
		{91FF25F7-3030-4056-A8AB-0257EEF58BE2}.Debug|x86.ActiveCfg = Debug|Win32
		{91FF25F7-3030-4056-A8AB-0257EEF58BE2}.Debug|x86.Build.0 = Debug|Win32
		{91FF25F7-3030-4056-A8AB-0257EEF58BE2}.Release|x64.ActiveCfg = Release|x64
		{91FF25F7-3030-4056-A8AB-0257EEF58BE2}.Release|x64.Build.0 = Release|x64
		{91FF25F7-3030-4056-A8AB-0257EEF58BE2}.Release|x86.ActiveCfg = Release|Win32
		{91FF25F7-3030-4056-A8AB-0257EEF58BE2}.Release|x86.Build.0 = Release|Win32
	EndGlobalSection
	GlobalSection(SolutionProperties) = preSolution
		HideSolutionNode = FALSE
	EndGlobalSection
	GlobalSection(ExtensibilityGlobals) = postSolution
		SolutionGuid = {CC81D046-FCFC-4F82-B28B-FB034FA8290E}
	EndGlobalSection
EndGlobal
