
Microsoft Visual Studio Solution File, Format Version 12.00
# Visual Studio Version 16
VisualStudioVersion = 16.0.29806.167
MinimumVisualStudioVersion = 10.0.40219.1
Project("{8BC9CEB8-8B4A-11D0-8D11-00A0C91BC942}") = "cout_inicio", "cout_inicio.vcxproj", "{47146DB5-DF8F-487A-91F2-B8263D5CF1B0}"
EndProject
Global
	GlobalSection(SolutionConfigurationPlatforms) = preSolution
		Debug|x64 = Debug|x64
		Debug|x86 = Debug|x86
		Release|x64 = Release|x64
		Release|x86 = Release|x86
	EndGlobalSection
	GlobalSection(ProjectConfigurationPlatforms) = postSolution
		{47146DB5-DF8F-487A-91F2-B8263D5CF1B0}.Debug|x64.ActiveCfg = Debug|x64
		{47146DB5-DF8F-487A-91F2-B8263D5CF1B0}.Debug|x64.Build.0 = Debug|x64
		{47146DB5-DF8F-487A-91F2-B8263D5CF1B0}.Debug|x86.ActiveCfg = Debug|Win32
		{47146DB5-DF8F-487A-91F2-B8263D5CF1B0}.Debug|x86.Build.0 = Debug|Win32
		{47146DB5-DF8F-487A-91F2-B8263D5CF1B0}.Release|x64.ActiveCfg = Release|x64
		{47146DB5-DF8F-487A-91F2-B8263D5CF1B0}.Release|x64.Build.0 = Release|x64
		{47146DB5-DF8F-487A-91F2-B8263D5CF1B0}.Release|x86.ActiveCfg = Release|Win32
		{47146DB5-DF8F-487A-91F2-B8263D5CF1B0}.Release|x86.Build.0 = Release|Win32
	EndGlobalSection
	GlobalSection(SolutionProperties) = preSolution
		HideSolutionNode = FALSE
	EndGlobalSection
	GlobalSection(ExtensibilityGlobals) = postSolution
		SolutionGuid = {C93F5F7E-7B4D-4F49-945C-812A5674D3D6}
	EndGlobalSection
EndGlobal
